<?xml version="1.0" encoding="UTF-8" standalone="yes" ?>
<CodeBlocks_project_file>
	<FileVersion major="1" minor="6" />
	<Project>
		<Option title="Rosetta" />
		<Option pch_mode="2" />
		<Option compiler="gcc" />
		<Build>
			<Target title="Debug">
				<Option output="bin/Debug/Rosetta" prefix_auto="1" extension_auto="1" />
				<Option object_output="obj/Debug/" />
				<Option type="1" />
				<Option compiler="gcc" />
				<Compiler>
					<Add option="-g" />
				</Compiler>
			</Target>
			<Target title="Release">
				<Option output="Exe/Rosetta" prefix_auto="1" extension_auto="1" />
				<Option object_output="obj/Release/" />
				<Option type="0" />
				<Option compiler="gcc" />
				<Compiler>
					<Add option="-O2" />
				</Compiler>
				<Linker>
					<Add option="-s" />
				</Linker>
			</Target>
		</Build>
		<Compiler>
			<Add option="`sdl2-config --cflags`" />
			<Add option="-Wall" />
		</Compiler>
		<Linker>
			<Add option="`sdl2-config --libs`" />
		</Linker>
		<Unit filename="../../Libs/TQSL/Source/TQSA.cpp" />
		<Unit filename="../../Libs/TQSL/Source/TQSE.cpp" />
		<Unit filename="../../Libs/TQSL/Source/TQSG.cpp" />
		<Unit filename="../../Libs/Units/Source/DieParse.cpp" />
		<Unit filename="../../Libs/Units/Source/SlyvDir.cpp" />
		<Unit filename="../../Libs/Units/Source/SlyvDirry.cpp" />
		<Unit filename="../../Libs/Units/Source/SlyvQCol.cpp" />
		<Unit filename="../../Libs/Units/Source/SlyvSTOI.cpp" />
		<Unit filename="../../Libs/Units/Source/SlyvStream.cpp" />
		<Unit filename="../../Libs/Units/Source/SlyvString.cpp" />
		<Unit filename="../../Libs/Units/Source/SlyvTime.cpp" />
		<Unit filename="src/Class/AllClasses.hpp" />
		<Unit filename="src/Class/ProjectData" />
		<Unit filename="src/Class/ProjectData.cpp" />
		<Unit filename="src/Class/ProjectData.hpp" />
		<Unit filename="src/Class/Scenario.cpp" />
		<Unit filename="src/Class/Scenario.hpp" />
		<Unit filename="src/Export/XBase.cpp" />
		<Unit filename="src/Export/XBase.hpp" />
		<Unit filename="src/Export/XLua.hpp" />
		<Unit filename="src/Export/XScenLang.hpp" />
		<Unit filename="src/Export/XXML.hpp" />
		<Unit filename="src/Rosetta.cpp" />
		<Unit filename="src/Rosetta.hpp" />
		<Extensions>
			<lib_finder>
				<lib name="SDL2_mixer" />
			</lib_finder>
		</Extensions>
	</Project>
</CodeBlocks_project_file>
