<?xml version="1.0" encoding="UTF-8" standalone="yes" ?>
<CodeBlocks_project_file>
	<FileVersion major="1" minor="6" />
	<Project>
		<Option title="Rosetta" />
		<Option pch_mode="2" />
		<Option compiler="gcc" />
		<Build>
			<Target title="Debug">
				<Option output="bin/Debug/Rosetta" prefix_auto="1" extension_auto="1" />
				<Option object_output="obj/Debug/" />
				<Option type="1" />
				<Option compiler="gcc" />
				<Option parameters='&quot;/media/tricky/Scyndi/Projects/Applications/Scyndi/House Of Cards/Dev/Rosetta/House of Cards.ini&quot;' />
				<Compiler>
					<Add option="-g" />
				</Compiler>
			</Target>
			<Target title="Release">
				<Option output="Exe/Rosetta" prefix_auto="1" extension_auto="1" />
				<Option object_output="obj/Release/" />
				<Option type="0" />
				<Option compiler="gcc" />
				<Option parameters='&quot;/media/tricky/Scyndi/Projects/Applications/Scyndi/House Of Cards/Dev/Rosetta/House of Cards.ini&quot;' />
				<Compiler>
					<Add option="-O2" />
				</Compiler>
				<Linker>
					<Add option="-s" />
				</Linker>
			</Target>
		</Build>
		<Compiler>
			<Add option="`sdl2-config --cflags`" />
			<Add option="-Wall" />
		</Compiler>
		<Linker>
			<Add option="`sdl2-config --libs`" />
		</Linker>
		<Unit filename="../../Libs/JCR6/3rdParty/zlib/src/adler32.c">
			<Option compilerVar="CC" />
		</Unit>
		<Unit filename="../../Libs/JCR6/3rdParty/zlib/src/compress.c">
			<Option compilerVar="CC" />
		</Unit>
		<Unit filename="../../Libs/JCR6/3rdParty/zlib/src/crc32.c">
			<Option compilerVar="CC" />
		</Unit>
		<Unit filename="../../Libs/JCR6/3rdParty/zlib/src/crc32.h" />
		<Unit filename="../../Libs/JCR6/3rdParty/zlib/src/deflate.c">
			<Option compilerVar="CC" />
		</Unit>
		<Unit filename="../../Libs/JCR6/3rdParty/zlib/src/deflate.h" />
		<Unit filename="../../Libs/JCR6/3rdParty/zlib/src/gzclose.c">
			<Option compilerVar="CC" />
		</Unit>
		<Unit filename="../../Libs/JCR6/3rdParty/zlib/src/gzguts.h" />
		<Unit filename="../../Libs/JCR6/3rdParty/zlib/src/gzlib.c">
			<Option compilerVar="CC" />
		</Unit>
		<Unit filename="../../Libs/JCR6/3rdParty/zlib/src/gzread.c">
			<Option compilerVar="CC" />
		</Unit>
		<Unit filename="../../Libs/JCR6/3rdParty/zlib/src/gzwrite.c">
			<Option compilerVar="CC" />
		</Unit>
		<Unit filename="../../Libs/JCR6/3rdParty/zlib/src/infback.c">
			<Option compilerVar="CC" />
		</Unit>
		<Unit filename="../../Libs/JCR6/3rdParty/zlib/src/inffast.c">
			<Option compilerVar="CC" />
		</Unit>
		<Unit filename="../../Libs/JCR6/3rdParty/zlib/src/inffast.h" />
		<Unit filename="../../Libs/JCR6/3rdParty/zlib/src/inffixed.h" />
		<Unit filename="../../Libs/JCR6/3rdParty/zlib/src/inflate.c">
			<Option compilerVar="CC" />
		</Unit>
		<Unit filename="../../Libs/JCR6/3rdParty/zlib/src/inflate.h" />
		<Unit filename="../../Libs/JCR6/3rdParty/zlib/src/inftrees.c">
			<Option compilerVar="CC" />
		</Unit>
		<Unit filename="../../Libs/JCR6/3rdParty/zlib/src/inftrees.h" />
		<Unit filename="../../Libs/JCR6/3rdParty/zlib/src/trees.c">
			<Option compilerVar="CC" />
		</Unit>
		<Unit filename="../../Libs/JCR6/3rdParty/zlib/src/trees.h" />
		<Unit filename="../../Libs/JCR6/3rdParty/zlib/src/uncompr.c">
			<Option compilerVar="CC" />
		</Unit>
		<Unit filename="../../Libs/JCR6/3rdParty/zlib/src/zconf.h" />
		<Unit filename="../../Libs/JCR6/3rdParty/zlib/src/zlib.h" />
		<Unit filename="../../Libs/JCR6/3rdParty/zlib/src/zutil.c">
			<Option compilerVar="CC" />
		</Unit>
		<Unit filename="../../Libs/JCR6/3rdParty/zlib/src/zutil.h" />
		<Unit filename="../../Libs/JCR6/Source/JCR6_Core.cpp" />
		<Unit filename="../../Libs/JCR6/Source/JCR6_zlib.cpp" />
		<Unit filename="../../Libs/June19/src/june19_button.cpp" />
		<Unit filename="../../Libs/June19/src/june19_checkbox.cpp" />
		<Unit filename="../../Libs/June19/src/june19_core.cpp" />
		<Unit filename="../../Libs/June19/src/june19_label.cpp" />
		<Unit filename="../../Libs/June19/src/june19_listbox.cpp" />
		<Unit filename="../../Libs/June19/src/june19_picture.cpp" />
		<Unit filename="../../Libs/June19/src/june19_radio.cpp" />
		<Unit filename="../../Libs/June19/src/june19_scrollbar.cpp" />
		<Unit filename="../../Libs/June19/src/june19_tabber.cpp" />
		<Unit filename="../../Libs/June19/src/june19_textfield.cpp" />
		<Unit filename="../../Libs/TQSL/Source/TQSA.cpp" />
		<Unit filename="../../Libs/TQSL/Source/TQSE.cpp" />
		<Unit filename="../../Libs/TQSL/Source/TQSG.cpp" />
		<Unit filename="../../Libs/Units/Source/DieParse.cpp" />
		<Unit filename="../../Libs/Units/Source/SlyvBank.cpp" />
		<Unit filename="../../Libs/Units/Source/SlyvDir.cpp" />
		<Unit filename="../../Libs/Units/Source/SlyvDirry.cpp" />
		<Unit filename="../../Libs/Units/Source/SlyvQCol.cpp" />
		<Unit filename="../../Libs/Units/Source/SlyvSTOI.cpp" />
		<Unit filename="../../Libs/Units/Source/SlyvStream.cpp" />
		<Unit filename="../../Libs/Units/Source/SlyvString.cpp" />
		<Unit filename="../../Libs/Units/Source/SlyvTime.cpp" />
		<Unit filename="src/Class/AllClasses.hpp" />
		<Unit filename="src/Class/ProjectData" />
		<Unit filename="src/Class/ProjectData.cpp" />
		<Unit filename="src/Class/ProjectData.hpp" />
		<Unit filename="src/Class/Scenario.cpp" />
		<Unit filename="src/Class/Scenario.hpp" />
		<Unit filename="src/Export/XBase.cpp" />
		<Unit filename="src/Export/XBase.hpp" />
		<Unit filename="src/Export/XLua.hpp" />
		<Unit filename="src/Export/XScenLang.hpp" />
		<Unit filename="src/Export/XXML.hpp" />
		<Unit filename="src/GUI/Assets.cpp" />
		<Unit filename="src/GUI/Assets.hpp" />
		<Unit filename="src/GUI/GUI.cpp" />
		<Unit filename="src/GUI/GUI.hpp" />
		<Unit filename="src/Rosetta.cpp" />
		<Unit filename="src/Rosetta.hpp" />
		<Extensions>
			<lib_finder>
				<lib name="SDL2_mixer" />
				<lib name="SDL2_image" />
				<lib name="libjpeg" />
			</lib_finder>
		</Extensions>
	</Project>
</CodeBlocks_project_file>
